
Microsoft Visual Studio Solution File, Format Version 12.00
# Visual Studio 2012
Project("{FAE04EC0-301F-11D3-BF4B-00C04F79EFBC}") = "MasterServer", "MasterServer\MasterServer.csproj", "{23D47FAA-236A-4EE7-95BA-811385957F73}"
EndProject
Project("{FAE04EC0-301F-11D3-BF4B-00C04F79EFBC}") = "DataServer", "Server\DataServer.csproj", "{0F0A815C-E24C-40F8-8603-FEB726A25711}"
EndProject
Project("{FAE04EC0-301F-11D3-BF4B-00C04F79EFBC}") = "CommonTypes", "CommonTypes\CommonTypes.csproj", "{2D67D43C-BA48-4466-85E6-6CC040939A45}"
EndProject
Project("{FAE04EC0-301F-11D3-BF4B-00C04F79EFBC}") = "ClientApplication", "ClientApplicationForm\ClientApplication.csproj", "{84F63661-FBAA-416D-8E6A-2852E80F67FB}"
EndProject
Project("{FAE04EC0-301F-11D3-BF4B-00C04F79EFBC}") = "CustomExceptions", "CustomExceptions\CustomExceptions.csproj", "{BCA6E880-4753-4A05-BB60-EC1695D26CD8}"
EndProject
Project("{FAE04EC0-301F-11D3-BF4B-00C04F79EFBC}") = "Cicles", "Cicles\Cicles.csproj", "{3BECB2E0-7A41-4CBB-9EA8-35E33FD12156}"
EndProject
Project("{FAE04EC0-301F-11D3-BF4B-00C04F79EFBC}") = "CrossedLocks", "CrossedLocks\CrossedLocks.csproj", "{345D4D43-33C0-4880-BDED-2E02E9A1E834}"
EndProject
Project("{FAE04EC0-301F-11D3-BF4B-00C04F79EFBC}") = "SampleApp", "SampleApp\SampleApp.csproj", "{C63C585A-16B4-4D99-8986-00211CC394DA}"
EndProject
Global
	GlobalSection(SolutionConfigurationPlatforms) = preSolution
		Debug|Any CPU = Debug|Any CPU
		Release|Any CPU = Release|Any CPU
	EndGlobalSection
	GlobalSection(ProjectConfigurationPlatforms) = postSolution
		{23D47FAA-236A-4EE7-95BA-811385957F73}.Debug|Any CPU.ActiveCfg = Debug|Any CPU
		{23D47FAA-236A-4EE7-95BA-811385957F73}.Debug|Any CPU.Build.0 = Debug|Any CPU
		{23D47FAA-236A-4EE7-95BA-811385957F73}.Release|Any CPU.ActiveCfg = Release|Any CPU
		{23D47FAA-236A-4EE7-95BA-811385957F73}.Release|Any CPU.Build.0 = Release|Any CPU
		{0F0A815C-E24C-40F8-8603-FEB726A25711}.Debug|Any CPU.ActiveCfg = Debug|Any CPU
		{0F0A815C-E24C-40F8-8603-FEB726A25711}.Debug|Any CPU.Build.0 = Debug|Any CPU
		{0F0A815C-E24C-40F8-8603-FEB726A25711}.Release|Any CPU.ActiveCfg = Release|Any CPU
		{0F0A815C-E24C-40F8-8603-FEB726A25711}.Release|Any CPU.Build.0 = Release|Any CPU
		{2D67D43C-BA48-4466-85E6-6CC040939A45}.Debug|Any CPU.ActiveCfg = Debug|Any CPU
		{2D67D43C-BA48-4466-85E6-6CC040939A45}.Debug|Any CPU.Build.0 = Debug|Any CPU
		{2D67D43C-BA48-4466-85E6-6CC040939A45}.Release|Any CPU.ActiveCfg = Release|Any CPU
		{2D67D43C-BA48-4466-85E6-6CC040939A45}.Release|Any CPU.Build.0 = Release|Any CPU
		{84F63661-FBAA-416D-8E6A-2852E80F67FB}.Debug|Any CPU.ActiveCfg = Debug|Any CPU
		{84F63661-FBAA-416D-8E6A-2852E80F67FB}.Debug|Any CPU.Build.0 = Debug|Any CPU
		{84F63661-FBAA-416D-8E6A-2852E80F67FB}.Release|Any CPU.ActiveCfg = Release|Any CPU
		{84F63661-FBAA-416D-8E6A-2852E80F67FB}.Release|Any CPU.Build.0 = Release|Any CPU
		{BCA6E880-4753-4A05-BB60-EC1695D26CD8}.Debug|Any CPU.ActiveCfg = Debug|Any CPU
		{BCA6E880-4753-4A05-BB60-EC1695D26CD8}.Debug|Any CPU.Build.0 = Debug|Any CPU
		{BCA6E880-4753-4A05-BB60-EC1695D26CD8}.Release|Any CPU.ActiveCfg = Release|Any CPU
		{BCA6E880-4753-4A05-BB60-EC1695D26CD8}.Release|Any CPU.Build.0 = Release|Any CPU
		{3BECB2E0-7A41-4CBB-9EA8-35E33FD12156}.Debug|Any CPU.ActiveCfg = Debug|Any CPU
		{3BECB2E0-7A41-4CBB-9EA8-35E33FD12156}.Debug|Any CPU.Build.0 = Debug|Any CPU
		{3BECB2E0-7A41-4CBB-9EA8-35E33FD12156}.Release|Any CPU.ActiveCfg = Release|Any CPU
		{3BECB2E0-7A41-4CBB-9EA8-35E33FD12156}.Release|Any CPU.Build.0 = Release|Any CPU
		{345D4D43-33C0-4880-BDED-2E02E9A1E834}.Debug|Any CPU.ActiveCfg = Debug|Any CPU
		{345D4D43-33C0-4880-BDED-2E02E9A1E834}.Debug|Any CPU.Build.0 = Debug|Any CPU
		{345D4D43-33C0-4880-BDED-2E02E9A1E834}.Release|Any CPU.ActiveCfg = Release|Any CPU
		{345D4D43-33C0-4880-BDED-2E02E9A1E834}.Release|Any CPU.Build.0 = Release|Any CPU
		{C63C585A-16B4-4D99-8986-00211CC394DA}.Debug|Any CPU.ActiveCfg = Debug|Any CPU
		{C63C585A-16B4-4D99-8986-00211CC394DA}.Debug|Any CPU.Build.0 = Debug|Any CPU
		{C63C585A-16B4-4D99-8986-00211CC394DA}.Release|Any CPU.ActiveCfg = Release|Any CPU
		{C63C585A-16B4-4D99-8986-00211CC394DA}.Release|Any CPU.Build.0 = Release|Any CPU
	EndGlobalSection
	GlobalSection(SolutionProperties) = preSolution
		HideSolutionNode = FALSE
	EndGlobalSection
EndGlobal
